
Microsoft Visual Studio Solution File, Format Version 12.00
# Visual Studio Version 17
VisualStudioVersion = 17.3.32819.101
MinimumVisualStudioVersion = 10.0.40219.1
Project("{FAE04EC0-301F-11D3-BF4B-00C04F79EFBC}") = "whileloop", "whileloop\whileloop.csproj", "{981F1B6D-3560-48F6-859E-6099CF35FBEC}"
EndProject
Global
	GlobalSection(SolutionConfigurationPlatforms) = preSolution
		Debug|Any CPU = Debug|Any CPU
		Release|Any CPU = Release|Any CPU
	EndGlobalSection
	GlobalSection(ProjectConfigurationPlatforms) = postSolution
		{981F1B6D-3560-48F6-859E-6099CF35FBEC}.Debug|Any CPU.ActiveCfg = Debug|Any CPU
		{981F1B6D-3560-48F6-859E-6099CF35FBEC}.Debug|Any CPU.Build.0 = Debug|Any CPU
		{981F1B6D-3560-48F6-859E-6099CF35FBEC}.Release|Any CPU.ActiveCfg = Release|Any CPU
		{981F1B6D-3560-48F6-859E-6099CF35FBEC}.Release|Any CPU.Build.0 = Release|Any CPU
	EndGlobalSection
	GlobalSection(SolutionProperties) = preSolution
		HideSolutionNode = FALSE
	EndGlobalSection
	GlobalSection(ExtensibilityGlobals) = postSolution
		SolutionGuid = {3FEB581D-6215-40DD-B75C-DEB5ED145779}
	EndGlobalSection
EndGlobal
